
Microsoft Visual Studio Solution File, Format Version 12.00
# Visual Studio Version 17
VisualStudioVersion = 17.8.34511.84
MinimumVisualStudioVersion = 10.0.40219.1
Project("{FAE04EC0-301F-11D3-BF4B-00C04F79EFBC}") = "greatAdventure", "greatAdventure\greatAdventure.csproj", "{80269166-3131-4578-8E3A-E8ACE5CB4BA1}"
EndProject
Global
	GlobalSection(SolutionConfigurationPlatforms) = preSolution
		Debug|Any CPU = Debug|Any CPU
		Release|Any CPU = Release|Any CPU
	EndGlobalSection
	GlobalSection(ProjectConfigurationPlatforms) = postSolution
		{80269166-3131-4578-8E3A-E8ACE5CB4BA1}.Debug|Any CPU.ActiveCfg = Debug|Any CPU
		{80269166-3131-4578-8E3A-E8ACE5CB4BA1}.Debug|Any CPU.Build.0 = Debug|Any CPU
		{80269166-3131-4578-8E3A-E8ACE5CB4BA1}.Release|Any CPU.ActiveCfg = Release|Any CPU
		{80269166-3131-4578-8E3A-E8ACE5CB4BA1}.Release|Any CPU.Build.0 = Release|Any CPU
	EndGlobalSection
	GlobalSection(SolutionProperties) = preSolution
		HideSolutionNode = FALSE
	EndGlobalSection
	GlobalSection(ExtensibilityGlobals) = postSolution
		SolutionGuid = {6C2838C0-F21D-4FDA-9780-F4E3ADC13AFA}
	EndGlobalSection
EndGlobal
